
Microsoft Visual Studio Solution File, Format Version 12.00
# Visual Studio Version 16
VisualStudioVersion = 16.0.31005.135
MinimumVisualStudioVersion = 10.0.40219.1
Project("{FAE04EC0-301F-11D3-BF4B-00C04F79EFBC}") = "CriticalProcessBSOD", "CriticalProcessBSOD\CriticalProcessBSOD.csproj", "{49B637E4-7E28-42A3-B2CB-FF28CAFACE61}"
EndProject
Project("{FAE04EC0-301F-11D3-BF4B-00C04F79EFBC}") = "InvokeBSOD", "InvokeBSOD\InvokeBSOD.csproj", "{4B649975-7A27-4D24-B906-FC003CD185D0}"
EndProject
Global
	GlobalSection(SolutionConfigurationPlatforms) = preSolution
		Debug|Any CPU = Debug|Any CPU
		Release|Any CPU = Release|Any CPU
	EndGlobalSection
	GlobalSection(ProjectConfigurationPlatforms) = postSolution
		{49B637E4-7E28-42A3-B2CB-FF28CAFACE61}.Debug|Any CPU.ActiveCfg = Debug|Any CPU
		{49B637E4-7E28-42A3-B2CB-FF28CAFACE61}.Debug|Any CPU.Build.0 = Debug|Any CPU
		{49B637E4-7E28-42A3-B2CB-FF28CAFACE61}.Release|Any CPU.ActiveCfg = Release|Any CPU
		{49B637E4-7E28-42A3-B2CB-FF28CAFACE61}.Release|Any CPU.Build.0 = Release|Any CPU
		{4B649975-7A27-4D24-B906-FC003CD185D0}.Debug|Any CPU.ActiveCfg = Debug|Any CPU
		{4B649975-7A27-4D24-B906-FC003CD185D0}.Debug|Any CPU.Build.0 = Debug|Any CPU
		{4B649975-7A27-4D24-B906-FC003CD185D0}.Release|Any CPU.ActiveCfg = Release|Any CPU
		{4B649975-7A27-4D24-B906-FC003CD185D0}.Release|Any CPU.Build.0 = Release|Any CPU
	EndGlobalSection
	GlobalSection(SolutionProperties) = preSolution
		HideSolutionNode = FALSE
	EndGlobalSection
	GlobalSection(ExtensibilityGlobals) = postSolution
		SolutionGuid = {17676862-27DF-4511-80FC-DB10D7CC88D4}
	EndGlobalSection
EndGlobal
